
Microsoft Visual Studio Solution File, Format Version 12.00
# Visual Studio Version 17
VisualStudioVersion = 17.11.35312.102
MinimumVisualStudioVersion = 10.0.40219.1
Project("{FAE04EC0-301F-11D3-BF4B-00C04F79EFBC}") = "Curso", "Curso\Curso.csproj", "{95898568-B930-46F9-9C4B-52B623FB382A}"
EndProject
Global
	GlobalSection(SolutionConfigurationPlatforms) = preSolution
		Debug|Any CPU = Debug|Any CPU
		Release|Any CPU = Release|Any CPU
	EndGlobalSection
	GlobalSection(ProjectConfigurationPlatforms) = postSolution
		{95898568-B930-46F9-9C4B-52B623FB382A}.Debug|Any CPU.ActiveCfg = Debug|Any CPU
		{95898568-B930-46F9-9C4B-52B623FB382A}.Debug|Any CPU.Build.0 = Debug|Any CPU
		{95898568-B930-46F9-9C4B-52B623FB382A}.Release|Any CPU.ActiveCfg = Release|Any CPU
		{95898568-B930-46F9-9C4B-52B623FB382A}.Release|Any CPU.Build.0 = Release|Any CPU
	EndGlobalSection
	GlobalSection(SolutionProperties) = preSolution
		HideSolutionNode = FALSE
	EndGlobalSection
	GlobalSection(ExtensibilityGlobals) = postSolution
		SolutionGuid = {1FA1FD81-9054-4714-8911-26F12E7F48D2}
	EndGlobalSection
EndGlobal
